
Microsoft Visual Studio Solution File, Format Version 12.00
# Visual Studio Version 16
VisualStudioVersion = 16.0.31729.503
MinimumVisualStudioVersion = 10.0.40219.1
Project("{FAE04EC0-301F-11D3-BF4B-00C04F79EFBC}") = "CS_DZ_8", "CS_DZ_8\CS_DZ_8.csproj", "{B4B4A21A-0D2F-43F9-8E52-C21851AE4889}"
EndProject
Global
	GlobalSection(SolutionConfigurationPlatforms) = preSolution
		Debug|Any CPU = Debug|Any CPU
		Release|Any CPU = Release|Any CPU
	EndGlobalSection
	GlobalSection(ProjectConfigurationPlatforms) = postSolution
		{B4B4A21A-0D2F-43F9-8E52-C21851AE4889}.Debug|Any CPU.ActiveCfg = Debug|Any CPU
		{B4B4A21A-0D2F-43F9-8E52-C21851AE4889}.Debug|Any CPU.Build.0 = Debug|Any CPU
		{B4B4A21A-0D2F-43F9-8E52-C21851AE4889}.Release|Any CPU.ActiveCfg = Release|Any CPU
		{B4B4A21A-0D2F-43F9-8E52-C21851AE4889}.Release|Any CPU.Build.0 = Release|Any CPU
	EndGlobalSection
	GlobalSection(SolutionProperties) = preSolution
		HideSolutionNode = FALSE
	EndGlobalSection
	GlobalSection(ExtensibilityGlobals) = postSolution
		SolutionGuid = {4F0EEB5A-7294-4352-A005-EB32D31E8126}
	EndGlobalSection
EndGlobal
